{
    "lockfile_version": "1.0",
    "created_at": "2025-08-13T18:17:16.043369+08:00",
    "invocation": {
        "command": "tb",
        "args": [
            "run",
            "--dataset",
            "terminal-bench-core==head",
            "--agent-import-path",
            "prometheus.bench.prometheus_agent:PrometheusAgent"
        ]
    },
    "harness": {
        "package": "terminal-bench",
        "version": "0.2.15",
        "is_editable_installation": false
    },
    "agent": {
        "name": "prometheus",
        "import_path": "prometheus.bench.prometheus_agent:PrometheusAgent",
        "model_name": null,
        "extra_kwargs": {
            "no_rebuild": false
        }
    },
    "run_config": {
        "log_level": "info",
        "livestream": false,
        "n_concurrent_trials": 4,
        "n_attempts": 1,
        "no_rebuild": false,
        "cleanup": false,
        "global_timeout_multiplier": 1.0,
        "global_agent_timeout_sec": null,
        "global_test_timeout_sec": null
    },
    "dataset": {
        "name": "terminal-bench-core",
        "version": "head",
        "local_path": null,
        "task_ids": [
            "chem-rf",
            "mixed-integer-programming-1",
            "install-windows-xp",
            "install-windows-3.11",
            "circuit-fibsqrt",
            "parallelize-graph",
            "super-benchmark-upet",
            "mcmc-sampling-stan",
            "build-linux-kernel-qemu",
            "lean4-proof",
            "stable-parallel-kmeans",
            "play-zork-easy",
            "play-zork",
            "eval-mteb",
            "enemy-grid-escape",
            "hdfs-deployment",
            "feal-linear-cryptanalysis",
            "reverse-engineering",
            "feal-differential-cryptanalysis",
            "swe-bench-astropy-1",
            "conda-env-conflict-resolution",
            "word2vec-from-scratch",
            "causal-inference-r",
            "solve-maze-challenge",
            "swe-bench-astropy-2",
            "home-server-https",
            "sudo-llvm-ir",
            "swe-bench-fsspec",
            "run-pdp11-code",
            "blind-maze-explorer-algorithm",
            "blind-maze-explorer-5x5",
            "adaptive-rejection-sampler",
            "incompatible-python-fasttext",
            "train-fasttext",
            "neuron-to-jaxley-conversion",
            "chem-property-targeting",
            "cross-entropy-method",
            "security-celery-redis-rce",
            "attention-mil",
            "grid-pattern-transform",
            "count-dataset-tokens",
            "qemu-alpine-ssh",
            "path-tracing-reverse",
            "qemu-startup",
            "path-tracing",
            "download-youtube",
            "git-multibranch",
            "aimo-airline-departures",
            "pytorch-model-cli",
            "tree-directory-parser",
            "cron-broken-network",
            "broken-networking",
            "recover-obfuscated-files",
            "get-bitcoin-nodes",
            "write-compressor",
            "processing-pipeline",
            "hf-model-inference",
            "polyglot-c-py",
            "heterogeneous-dates",
            "extract-moves-from-video",
            "reshard-c4-data",
            "fibonacci-server",
            "sqlite-with-gcov",
            "simple-web-scraper",
            "cobol-modernization",
            "make-doom-for-mips",
            "simple-sheets-put",
            "sqlite-db-truncate",
            "polyglot-rust-c",
            "jupyter-notebook-server",
            "privilege-escalation",
            "weighted-max-sat-solver",
            "hello-world",
            "fix-pandas-version",
            "security-vulhub-minio",
            "pandas-sql-query",
            "gcc-compiler-optimization",
            "logistic-regression-divergence",
            "cartpole-rl-training",
            "count-call-stack",
            "kv-store-grpc",
            "oom",
            "setup-custom-dev-env",
            "classifier-debug",
            "password-recovery",
            "solana-data",
            "make-mips-interpreter",
            "organization-json-generator",
            "git-workflow-hack",
            "pytorch-model-recovery",
            "sanitize-git-repo",
            "modernize-fortran-build",
            "pandas-etl",
            "build-initramfs-qemu",
            "tmux-advanced-workflow",
            "swe-bench-langcodes",
            "csv-to-parquet",
            "fix-git",
            "chess-best-move",
            "parallel-particle-simulator",
            "create-bucket",
            "decommissioning-service-with-sensitive-data",
            "new-encrypt-command",
            "nginx-request-logging",
            "configure-git-webserver",
            "cpp-compatibility",
            "mlflow-register",
            "openssl-selfsigned-cert",
            "broken-python",
            "gpt2-codegolf",
            "npm-conflict-resolution",
            "raman-fitting",
            "intrusion-detection",
            "fix-permissions",
            "crack-7z-hash",
            "extract-elf",
            "pcap-to-netflow",
            "prove-plus-comm",
            "build-tcc-qemu",
            "form-filling",
            "extract-safely",
            "jq-data-processing",
            "rare-mineral-allocation",
            "assign-seats",
            "vim-terminal-task",
            "slurm-simple-node-monitoring"
        ],
        "registry_url": null,
        "local_registry_path": null
    }
}